// !$*UTF8*$!
{
	archiveVersion = 1;
	classes = {
	};
	objectVersion = 55;
	objects = {

/* Begin PBXBuildFile section */
		B5438538292B2BC700184721 /* ScalingHeaderScrollView in Frameworks */ = {isa = PBXBuildFile; productRef = B5438537292B2BC700184721 /* ScalingHeaderScrollView */; };
		B547CD4D292580BA008E6697 /* Extensions.swift in Sources */ = {isa = PBXBuildFile; fileRef = B547CD4C292580BA008E6697 /* Extensions.swift */; };
		B55355AB28D64FB2005AA9D2 /* Collapsible.swift in Sources */ = {isa = PBXBuildFile; fileRef = B55355AA28D64FB2005AA9D2 /* Collapsible.swift */; };
		B55355AD28D64FF9005AA9D2 /* ImageSlider.swift in Sources */ = {isa = PBXBuildFile; fileRef = B55355AC28D64FF9005AA9D2 /* ImageSlider.swift */; };
		B5578C7B28D0D0F70085FC9B /* AutoDBApp.swift in Sources */ = {isa = PBXBuildFile; fileRef = B5578C7A28D0D0F70085FC9B /* AutoDBApp.swift */; };
		B5578C7D28D0D0F70085FC9B /* Persistence.swift in Sources */ = {isa = PBXBuildFile; fileRef = B5578C7C28D0D0F70085FC9B /* Persistence.swift */; };
		B5578C8028D0D0F70085FC9B /* AutoDB.xcdatamodeld in Sources */ = {isa = PBXBuildFile; fileRef = B5578C7E28D0D0F70085FC9B /* AutoDB.xcdatamodeld */; };
		B5578C8228D0D0F70085FC9B /* ContentView.swift in Sources */ = {isa = PBXBuildFile; fileRef = B5578C8128D0D0F70085FC9B /* ContentView.swift */; };
		B5578C8428D0D0F80085FC9B /* Assets.xcassets in Resources */ = {isa = PBXBuildFile; fileRef = B5578C8328D0D0F80085FC9B /* Assets.xcassets */; };
		B5578C8828D0D0F80085FC9B /* Preview Assets.xcassets in Resources */ = {isa = PBXBuildFile; fileRef = B5578C8728D0D0F80085FC9B /* Preview Assets.xcassets */; };
		B5578C9228D0D0F80085FC9B /* AutoDBTests.swift in Sources */ = {isa = PBXBuildFile; fileRef = B5578C9128D0D0F80085FC9B /* AutoDBTests.swift */; };
		B5578C9C28D0D0F80085FC9B /* AutoDBUITests.swift in Sources */ = {isa = PBXBuildFile; fileRef = B5578C9B28D0D0F80085FC9B /* AutoDBUITests.swift */; };
		B5578C9E28D0D0F80085FC9B /* AutoDBUITestsLaunchTests.swift in Sources */ = {isa = PBXBuildFile; fileRef = B5578C9D28D0D0F80085FC9B /* AutoDBUITestsLaunchTests.swift */; };
		B5578CAB28D0D1350085FC9B /* Decode.swift in Sources */ = {isa = PBXBuildFile; fileRef = B5578CAA28D0D1350085FC9B /* Decode.swift */; };
		B5578CAE28D0D1970085FC9B /* Alamofire in Frameworks */ = {isa = PBXBuildFile; productRef = B5578CAD28D0D1970085FC9B /* Alamofire */; };
		B5578CB128D0D1C00085FC9B /* Auth0 in Frameworks */ = {isa = PBXBuildFile; productRef = B5578CB028D0D1C00085FC9B /* Auth0 */; };
		B5578CB328D0D1EC0085FC9B /* UserView.swift in Sources */ = {isa = PBXBuildFile; fileRef = B5578CB228D0D1EC0085FC9B /* UserView.swift */; };
		B5578CB628D0D2490085FC9B /* CustomButton.swift in Sources */ = {isa = PBXBuildFile; fileRef = B5578CB528D0D2490085FC9B /* CustomButton.swift */; };
		B5578CB828D0D4DE0085FC9B /* Auth0.plist in Resources */ = {isa = PBXBuildFile; fileRef = B5578CB728D0D4DE0085FC9B /* Auth0.plist */; };
		B5578CBC28D140D70085FC9B /* FavoritesView.swift in Sources */ = {isa = PBXBuildFile; fileRef = B5578CBB28D140D70085FC9B /* FavoritesView.swift */; };
		B5578CBE28D141860085FC9B /* SearchView.swift in Sources */ = {isa = PBXBuildFile; fileRef = B5578CBD28D141860085FC9B /* SearchView.swift */; };
		B5578CC028D141920085FC9B /* NetworkManager.swift in Sources */ = {isa = PBXBuildFile; fileRef = B5578CBF28D141920085FC9B /* NetworkManager.swift */; };
		B5578CC228D1419E0085FC9B /* HomeView.swift in Sources */ = {isa = PBXBuildFile; fileRef = B5578CC128D1419E0085FC9B /* HomeView.swift */; };
		B5578CC428D141C50085FC9B /* AutoView.swift in Sources */ = {isa = PBXBuildFile; fileRef = B5578CC328D141C50085FC9B /* AutoView.swift */; };
		B5578CC628D141DE0085FC9B /* AutoCard.swift in Sources */ = {isa = PBXBuildFile; fileRef = B5578CC528D141DE0085FC9B /* AutoCard.swift */; };
		B5578CC928D144F00085FC9B /* SDWebImageSwiftUI in Frameworks */ = {isa = PBXBuildFile; productRef = B5578CC828D144F00085FC9B /* SDWebImageSwiftUI */; };
		B55BC2032924AE0B0012A6C6 /* Collections in Frameworks */ = {isa = PBXBuildFile; productRef = B55BC2022924AE0B0012A6C6 /* Collections */; };
		B55BC2052924AE0B0012A6C6 /* DequeModule in Frameworks */ = {isa = PBXBuildFile; productRef = B55BC2042924AE0B0012A6C6 /* DequeModule */; };
		B55BC2072924AE0B0012A6C6 /* OrderedCollections in Frameworks */ = {isa = PBXBuildFile; productRef = B55BC2062924AE0B0012A6C6 /* OrderedCollections */; };
		B5E8EE352927176900B13841 /* Bookmark.swift in Sources */ = {isa = PBXBuildFile; fileRef = B5E8EE342927176900B13841 /* Bookmark.swift */; };
		B5E8EE382928671100B13841 /* AlertToast in Frameworks */ = {isa = PBXBuildFile; productRef = B5E8EE372928671100B13841 /* AlertToast */; };
		B5E8EE3C2928A0ED00B13841 /* Toast.swift in Sources */ = {isa = PBXBuildFile; fileRef = B5E8EE3B2928A0ED00B13841 /* Toast.swift */; };
/* End PBXBuildFile section */

/* Begin PBXContainerItemProxy section */
		B5578C8E28D0D0F80085FC9B /* PBXContainerItemProxy */ = {
			isa = PBXContainerItemProxy;
			containerPortal = B5578C6F28D0D0F70085FC9B /* Project object */;
			proxyType = 1;
			remoteGlobalIDString = B5578C7628D0D0F70085FC9B;
			remoteInfo = AutoDB;
		};
		B5578C9828D0D0F80085FC9B /* PBXContainerItemProxy */ = {
			isa = PBXContainerItemProxy;
			containerPortal = B5578C6F28D0D0F70085FC9B /* Project object */;
			proxyType = 1;
			remoteGlobalIDString = B5578C7628D0D0F70085FC9B;
			remoteInfo = AutoDB;
		};
/* End PBXContainerItemProxy section */

/* Begin PBXFileReference section */
		B547CD4C292580BA008E6697 /* Extensions.swift */ = {isa = PBXFileReference; lastKnownFileType = sourcecode.swift; path = Extensions.swift; sourceTree = "<group>"; };
		B55355AA28D64FB2005AA9D2 /* Collapsible.swift */ = {isa = PBXFileReference; lastKnownFileType = sourcecode.swift; path = Collapsible.swift; sourceTree = "<group>"; };
		B55355AC28D64FF9005AA9D2 /* ImageSlider.swift */ = {isa = PBXFileReference; lastKnownFileType = sourcecode.swift; path = ImageSlider.swift; sourceTree = "<group>"; };
		B5578C7728D0D0F70085FC9B /* AutoDB.app */ = {isa = PBXFileReference; explicitFileType = wrapper.application; includeInIndex = 0; path = AutoDB.app; sourceTree = BUILT_PRODUCTS_DIR; };
		B5578C7A28D0D0F70085FC9B /* AutoDBApp.swift */ = {isa = PBXFileReference; lastKnownFileType = sourcecode.swift; path = AutoDBApp.swift; sourceTree = "<group>"; };
		B5578C7C28D0D0F70085FC9B /* Persistence.swift */ = {isa = PBXFileReference; lastKnownFileType = sourcecode.swift; path = Persistence.swift; sourceTree = "<group>"; };
		B5578C7F28D0D0F70085FC9B /* AutoDB.xcdatamodel */ = {isa = PBXFileReference; lastKnownFileType = wrapper.xcdatamodel; path = AutoDB.xcdatamodel; sourceTree = "<group>"; };
		B5578C8128D0D0F70085FC9B /* ContentView.swift */ = {isa = PBXFileReference; lastKnownFileType = sourcecode.swift; path = ContentView.swift; sourceTree = "<group>"; };
		B5578C8328D0D0F80085FC9B /* Assets.xcassets */ = {isa = PBXFileReference; lastKnownFileType = folder.assetcatalog; path = Assets.xcassets; sourceTree = "<group>"; };
		B5578C8528D0D0F80085FC9B /* AutoDB.entitlements */ = {isa = PBXFileReference; lastKnownFileType = text.plist.entitlements; path = AutoDB.entitlements; sourceTree = "<group>"; };
		B5578C8728D0D0F80085FC9B /* Preview Assets.xcassets */ = {isa = PBXFileReference; lastKnownFileType = folder.assetcatalog; path = "Preview Assets.xcassets"; sourceTree = "<group>"; };
		B5578C8D28D0D0F80085FC9B /* AutoDBTests.xctest */ = {isa = PBXFileReference; explicitFileType = wrapper.cfbundle; includeInIndex = 0; path = AutoDBTests.xctest; sourceTree = BUILT_PRODUCTS_DIR; };
		B5578C9128D0D0F80085FC9B /* AutoDBTests.swift */ = {isa = PBXFileReference; lastKnownFileType = sourcecode.swift; path = AutoDBTests.swift; sourceTree = "<group>"; };
		B5578C9728D0D0F80085FC9B /* AutoDBUITests.xctest */ = {isa = PBXFileReference; explicitFileType = wrapper.cfbundle; includeInIndex = 0; path = AutoDBUITests.xctest; sourceTree = BUILT_PRODUCTS_DIR; };
		B5578C9B28D0D0F80085FC9B /* AutoDBUITests.swift */ = {isa = PBXFileReference; lastKnownFileType = sourcecode.swift; path = AutoDBUITests.swift; sourceTree = "<group>"; };
		B5578C9D28D0D0F80085FC9B /* AutoDBUITestsLaunchTests.swift */ = {isa = PBXFileReference; lastKnownFileType = sourcecode.swift; path = AutoDBUITestsLaunchTests.swift; sourceTree = "<group>"; };
		B5578CAA28D0D1350085FC9B /* Decode.swift */ = {isa = PBXFileReference; lastKnownFileType = sourcecode.swift; path = Decode.swift; sourceTree = "<group>"; };
		B5578CB228D0D1EC0085FC9B /* UserView.swift */ = {isa = PBXFileReference; lastKnownFileType = sourcecode.swift; path = UserView.swift; sourceTree = "<group>"; };
		B5578CB528D0D2490085FC9B /* CustomButton.swift */ = {isa = PBXFileReference; lastKnownFileType = sourcecode.swift; path = CustomButton.swift; sourceTree = "<group>"; };
		B5578CB728D0D4DE0085FC9B /* Auth0.plist */ = {isa = PBXFileReference; lastKnownFileType = text.plist.xml; path = Auth0.plist; sourceTree = "<group>"; };
		B5578CB928D0DAB00085FC9B /* Info.plist */ = {isa = PBXFileReference; lastKnownFileType = text.plist; path = Info.plist; sourceTree = "<group>"; };
		B5578CBA28D0DEFB0085FC9B /* AutoDBRelease.entitlements */ = {isa = PBXFileReference; lastKnownFileType = text.plist.entitlements; path = AutoDBRelease.entitlements; sourceTree = "<group>"; };
		B5578CBB28D140D70085FC9B /* FavoritesView.swift */ = {isa = PBXFileReference; fileEncoding = 4; lastKnownFileType = sourcecode.swift; path = FavoritesView.swift; sourceTree = "<group>"; };
		B5578CBD28D141860085FC9B /* SearchView.swift */ = {isa = PBXFileReference; fileEncoding = 4; lastKnownFileType = sourcecode.swift; path = SearchView.swift; sourceTree = "<group>"; };
		B5578CBF28D141920085FC9B /* NetworkManager.swift */ = {isa = PBXFileReference; fileEncoding = 4; lastKnownFileType = sourcecode.swift; path = NetworkManager.swift; sourceTree = "<group>"; };
		B5578CC128D1419E0085FC9B /* HomeView.swift */ = {isa = PBXFileReference; fileEncoding = 4; lastKnownFileType = sourcecode.swift; path = HomeView.swift; sourceTree = "<group>"; };
		B5578CC328D141C50085FC9B /* AutoView.swift */ = {isa = PBXFileReference; fileEncoding = 4; lastKnownFileType = sourcecode.swift; path = AutoView.swift; sourceTree = "<group>"; };
		B5578CC528D141DE0085FC9B /* AutoCard.swift */ = {isa = PBXFileReference; fileEncoding = 4; lastKnownFileType = sourcecode.swift; path = AutoCard.swift; sourceTree = "<group>"; };
		B5E8EE342927176900B13841 /* Bookmark.swift */ = {isa = PBXFileReference; lastKnownFileType = sourcecode.swift; path = Bookmark.swift; sourceTree = "<group>"; };
		B5E8EE3B2928A0ED00B13841 /* Toast.swift */ = {isa = PBXFileReference; lastKnownFileType = sourcecode.swift; path = Toast.swift; sourceTree = "<group>"; };
/* End PBXFileReference section */

/* Begin PBXFrameworksBuildPhase section */
		B5578C7428D0D0F70085FC9B /* Frameworks */ = {
			isa = PBXFrameworksBuildPhase;
			buildActionMask = 2147483647;
			files = (
				B5578CC928D144F00085FC9B /* SDWebImageSwiftUI in Frameworks */,
				B5E8EE382928671100B13841 /* AlertToast in Frameworks */,
				B5578CAE28D0D1970085FC9B /* Alamofire in Frameworks */,
				B5438538292B2BC700184721 /* ScalingHeaderScrollView in Frameworks */,
				B55BC2072924AE0B0012A6C6 /* OrderedCollections in Frameworks */,
				B55BC2052924AE0B0012A6C6 /* DequeModule in Frameworks */,
				B55BC2032924AE0B0012A6C6 /* Collections in Frameworks */,
				B5578CB128D0D1C00085FC9B /* Auth0 in Frameworks */,
			);
			runOnlyForDeploymentPostprocessing = 0;
		};
		B5578C8A28D0D0F80085FC9B /* Frameworks */ = {
			isa = PBXFrameworksBuildPhase;
			buildActionMask = 2147483647;
			files = (
			);
			runOnlyForDeploymentPostprocessing = 0;
		};
		B5578C9428D0D0F80085FC9B /* Frameworks */ = {
			isa = PBXFrameworksBuildPhase;
			buildActionMask = 2147483647;
			files = (
			);
			runOnlyForDeploymentPostprocessing = 0;
		};
/* End PBXFrameworksBuildPhase section */

/* Begin PBXGroup section */
		B5578C6E28D0D0F70085FC9B = {
			isa = PBXGroup;
			children = (
				B5578C7928D0D0F70085FC9B /* AutoDB */,
				B5578C9028D0D0F80085FC9B /* AutoDBTests */,
				B5578C9A28D0D0F80085FC9B /* AutoDBUITests */,
				B5578C7828D0D0F70085FC9B /* Products */,
			);
			sourceTree = "<group>";
		};
		B5578C7828D0D0F70085FC9B /* Products */ = {
			isa = PBXGroup;
			children = (
				B5578C7728D0D0F70085FC9B /* AutoDB.app */,
				B5578C8D28D0D0F80085FC9B /* AutoDBTests.xctest */,
				B5578C9728D0D0F80085FC9B /* AutoDBUITests.xctest */,
			);
			name = Products;
			sourceTree = "<group>";
		};
		B5578C7928D0D0F70085FC9B /* AutoDB */ = {
			isa = PBXGroup;
			children = (
				B5578CC328D141C50085FC9B /* AutoView.swift */,
				B5578CC128D1419E0085FC9B /* HomeView.swift */,
				B5578CBF28D141920085FC9B /* NetworkManager.swift */,
				B5578CBD28D141860085FC9B /* SearchView.swift */,
				B5578CBB28D140D70085FC9B /* FavoritesView.swift */,
				B5578CBA28D0DEFB0085FC9B /* AutoDBRelease.entitlements */,
				B5578CB928D0DAB00085FC9B /* Info.plist */,
				B5578CB428D0D2240085FC9B /* Views */,
				B5578C7A28D0D0F70085FC9B /* AutoDBApp.swift */,
				B5578C7C28D0D0F70085FC9B /* Persistence.swift */,
				B5578C8128D0D0F70085FC9B /* ContentView.swift */,
				B5578C8328D0D0F80085FC9B /* Assets.xcassets */,
				B5578C8528D0D0F80085FC9B /* AutoDB.entitlements */,
				B5578C7E28D0D0F70085FC9B /* AutoDB.xcdatamodeld */,
				B5578C8628D0D0F80085FC9B /* Preview Content */,
				B5578CAA28D0D1350085FC9B /* Decode.swift */,
				B5578CB228D0D1EC0085FC9B /* UserView.swift */,
				B5578CB728D0D4DE0085FC9B /* Auth0.plist */,
				B547CD4C292580BA008E6697 /* Extensions.swift */,
				B5E8EE3B2928A0ED00B13841 /* Toast.swift */,
			);
			path = AutoDB;
			sourceTree = "<group>";
		};
		B5578C8628D0D0F80085FC9B /* Preview Content */ = {
			isa = PBXGroup;
			children = (
				B5578C8728D0D0F80085FC9B /* Preview Assets.xcassets */,
			);
			path = "Preview Content";
			sourceTree = "<group>";
		};
		B5578C9028D0D0F80085FC9B /* AutoDBTests */ = {
			isa = PBXGroup;
			children = (
				B5578C9128D0D0F80085FC9B /* AutoDBTests.swift */,
			);
			path = AutoDBTests;
			sourceTree = "<group>";
		};
		B5578C9A28D0D0F80085FC9B /* AutoDBUITests */ = {
			isa = PBXGroup;
			children = (
				B5578C9B28D0D0F80085FC9B /* AutoDBUITests.swift */,
				B5578C9D28D0D0F80085FC9B /* AutoDBUITestsLaunchTests.swift */,
			);
			path = AutoDBUITests;
			sourceTree = "<group>";
		};
		B5578CB428D0D2240085FC9B /* Views */ = {
			isa = PBXGroup;
			children = (
				B5578CC528D141DE0085FC9B /* AutoCard.swift */,
				B5578CB528D0D2490085FC9B /* CustomButton.swift */,
				B55355AA28D64FB2005AA9D2 /* Collapsible.swift */,
				B55355AC28D64FF9005AA9D2 /* ImageSlider.swift */,
				B5E8EE342927176900B13841 /* Bookmark.swift */,
			);
			path = Views;
			sourceTree = "<group>";
		};
/* End PBXGroup section */

/* Begin PBXNativeTarget section */
		B5578C7628D0D0F70085FC9B /* AutoDB */ = {
			isa = PBXNativeTarget;
			buildConfigurationList = B5578CA128D0D0F80085FC9B /* Build configuration list for PBXNativeTarget "AutoDB" */;
			buildPhases = (
				B5578C7328D0D0F70085FC9B /* Sources */,
				B5578C7428D0D0F70085FC9B /* Frameworks */,
				B5578C7528D0D0F70085FC9B /* Resources */,
			);
			buildRules = (
			);
			dependencies = (
			);
			name = AutoDB;
			packageProductDependencies = (
				B5578CAD28D0D1970085FC9B /* Alamofire */,
				B5578CB028D0D1C00085FC9B /* Auth0 */,
				B5578CC828D144F00085FC9B /* SDWebImageSwiftUI */,
				B55BC2022924AE0B0012A6C6 /* Collections */,
				B55BC2042924AE0B0012A6C6 /* DequeModule */,
				B55BC2062924AE0B0012A6C6 /* OrderedCollections */,
				B5E8EE372928671100B13841 /* AlertToast */,
				B5438537292B2BC700184721 /* ScalingHeaderScrollView */,
			);
			productName = AutoDB;
			productReference = B5578C7728D0D0F70085FC9B /* AutoDB.app */;
			productType = "com.apple.product-type.application";
		};
		B5578C8C28D0D0F80085FC9B /* AutoDBTests */ = {
			isa = PBXNativeTarget;
			buildConfigurationList = B5578CA428D0D0F80085FC9B /* Build configuration list for PBXNativeTarget "AutoDBTests" */;
			buildPhases = (
				B5578C8928D0D0F80085FC9B /* Sources */,
				B5578C8A28D0D0F80085FC9B /* Frameworks */,
				B5578C8B28D0D0F80085FC9B /* Resources */,
			);
			buildRules = (
			);
			dependencies = (
				B5578C8F28D0D0F80085FC9B /* PBXTargetDependency */,
			);
			name = AutoDBTests;
			productName = AutoDBTests;
			productReference = B5578C8D28D0D0F80085FC9B /* AutoDBTests.xctest */;
			productType = "com.apple.product-type.bundle.unit-test";
		};
		B5578C9628D0D0F80085FC9B /* AutoDBUITests */ = {
			isa = PBXNativeTarget;
			buildConfigurationList = B5578CA728D0D0F80085FC9B /* Build configuration list for PBXNativeTarget "AutoDBUITests" */;
			buildPhases = (
				B5578C9328D0D0F80085FC9B /* Sources */,
				B5578C9428D0D0F80085FC9B /* Frameworks */,
				B5578C9528D0D0F80085FC9B /* Resources */,
			);
			buildRules = (
			);
			dependencies = (
				B5578C9928D0D0F80085FC9B /* PBXTargetDependency */,
			);
			name = AutoDBUITests;
			productName = AutoDBUITests;
			productReference = B5578C9728D0D0F80085FC9B /* AutoDBUITests.xctest */;
			productType = "com.apple.product-type.bundle.ui-testing";
		};
/* End PBXNativeTarget section */

/* Begin PBXProject section */
		B5578C6F28D0D0F70085FC9B /* Project object */ = {
			isa = PBXProject;
			attributes = {
				BuildIndependentTargetsInParallel = 1;
				LastSwiftUpdateCheck = 1400;
				LastUpgradeCheck = 1400;
				TargetAttributes = {
					B5578C7628D0D0F70085FC9B = {
						CreatedOnToolsVersion = 14.0;
					};
					B5578C8C28D0D0F80085FC9B = {
						CreatedOnToolsVersion = 14.0;
						TestTargetID = B5578C7628D0D0F70085FC9B;
					};
					B5578C9628D0D0F80085FC9B = {
						CreatedOnToolsVersion = 14.0;
						TestTargetID = B5578C7628D0D0F70085FC9B;
					};
				};
			};
			buildConfigurationList = B5578C7228D0D0F70085FC9B /* Build configuration list for PBXProject "AutoDB" */;
			compatibilityVersion = "Xcode 13.0";
			developmentRegion = en;
			hasScannedForEncodings = 0;
			knownRegions = (
				en,
				Base,
			);
			mainGroup = B5578C6E28D0D0F70085FC9B;
			packageReferences = (
				B5578CAC28D0D1970085FC9B /* XCRemoteSwiftPackageReference "Alamofire" */,
				B5578CAF28D0D1C00085FC9B /* XCRemoteSwiftPackageReference "Auth0" */,
				B5578CC728D144F00085FC9B /* XCRemoteSwiftPackageReference "SDWebImageSwiftUI" */,
				B55BC2012924AE0B0012A6C6 /* XCRemoteSwiftPackageReference "swift-collections" */,
				B5E8EE362928671100B13841 /* XCRemoteSwiftPackageReference "AlertToast" */,
				B5438536292B2BC700184721 /* XCRemoteSwiftPackageReference "ScalingHeaderScrollView" */,
			);
			productRefGroup = B5578C7828D0D0F70085FC9B /* Products */;
			projectDirPath = "";
			projectRoot = "";
			targets = (
				B5578C7628D0D0F70085FC9B /* AutoDB */,
				B5578C8C28D0D0F80085FC9B /* AutoDBTests */,
				B5578C9628D0D0F80085FC9B /* AutoDBUITests */,
			);
		};
/* End PBXProject section */

/* Begin PBXResourcesBuildPhase section */
		B5578C7528D0D0F70085FC9B /* Resources */ = {
			isa = PBXResourcesBuildPhase;
			buildActionMask = 2147483647;
			files = (
				B5578C8828D0D0F80085FC9B /* Preview Assets.xcassets in Resources */,
				B5578CB828D0D4DE0085FC9B /* Auth0.plist in Resources */,
				B5578C8428D0D0F80085FC9B /* Assets.xcassets in Resources */,
			);
			runOnlyForDeploymentPostprocessing = 0;
		};
		B5578C8B28D0D0F80085FC9B /* Resources */ = {
			isa = PBXResourcesBuildPhase;
			buildActionMask = 2147483647;
			files = (
			);
			runOnlyForDeploymentPostprocessing = 0;
		};
		B5578C9528D0D0F80085FC9B /* Resources */ = {
			isa = PBXResourcesBuildPhase;
			buildActionMask = 2147483647;
			files = (
			);
			runOnlyForDeploymentPostprocessing = 0;
		};
/* End PBXResourcesBuildPhase section */

/* Begin PBXSourcesBuildPhase section */
		B5578C7328D0D0F70085FC9B /* Sources */ = {
			isa = PBXSourcesBuildPhase;
			buildActionMask = 2147483647;
			files = (
				B5578CAB28D0D1350085FC9B /* Decode.swift in Sources */,
				B5578CBE28D141860085FC9B /* SearchView.swift in Sources */,
				B5578CC028D141920085FC9B /* NetworkManager.swift in Sources */,
				B5578CB328D0D1EC0085FC9B /* UserView.swift in Sources */,
				B5578C7B28D0D0F70085FC9B /* AutoDBApp.swift in Sources */,
				B5E8EE352927176900B13841 /* Bookmark.swift in Sources */,
				B5578CC228D1419E0085FC9B /* HomeView.swift in Sources */,
				B5E8EE3C2928A0ED00B13841 /* Toast.swift in Sources */,
				B55355AB28D64FB2005AA9D2 /* Collapsible.swift in Sources */,
				B5578C7D28D0D0F70085FC9B /* Persistence.swift in Sources */,
				B5578CBC28D140D70085FC9B /* FavoritesView.swift in Sources */,
				B5578CB628D0D2490085FC9B /* CustomButton.swift in Sources */,
				B5578CC428D141C50085FC9B /* AutoView.swift in Sources */,
				B547CD4D292580BA008E6697 /* Extensions.swift in Sources */,
				B55355AD28D64FF9005AA9D2 /* ImageSlider.swift in Sources */,
				B5578C8228D0D0F70085FC9B /* ContentView.swift in Sources */,
				B5578C8028D0D0F70085FC9B /* AutoDB.xcdatamodeld in Sources */,
				B5578CC628D141DE0085FC9B /* AutoCard.swift in Sources */,
			);
			runOnlyForDeploymentPostprocessing = 0;
		};
		B5578C8928D0D0F80085FC9B /* Sources */ = {
			isa = PBXSourcesBuildPhase;
			buildActionMask = 2147483647;
			files = (
				B5578C9228D0D0F80085FC9B /* AutoDBTests.swift in Sources */,
			);
			runOnlyForDeploymentPostprocessing = 0;
		};
		B5578C9328D0D0F80085FC9B /* Sources */ = {
			isa = PBXSourcesBuildPhase;
			buildActionMask = 2147483647;
			files = (
				B5578C9C28D0D0F80085FC9B /* AutoDBUITests.swift in Sources */,
				B5578C9E28D0D0F80085FC9B /* AutoDBUITestsLaunchTests.swift in Sources */,
			);
			runOnlyForDeploymentPostprocessing = 0;
		};
/* End PBXSourcesBuildPhase section */

/* Begin PBXTargetDependency section */
		B5578C8F28D0D0F80085FC9B /* PBXTargetDependency */ = {
			isa = PBXTargetDependency;
			target = B5578C7628D0D0F70085FC9B /* AutoDB */;
			targetProxy = B5578C8E28D0D0F80085FC9B /* PBXContainerItemProxy */;
		};
		B5578C9928D0D0F80085FC9B /* PBXTargetDependency */ = {
			isa = PBXTargetDependency;
			target = B5578C7628D0D0F70085FC9B /* AutoDB */;
			targetProxy = B5578C9828D0D0F80085FC9B /* PBXContainerItemProxy */;
		};
/* End PBXTargetDependency section */

/* Begin XCBuildConfiguration section */
		B5578C9F28D0D0F80085FC9B /* Debug */ = {
			isa = XCBuildConfiguration;
			buildSettings = {
				ALWAYS_SEARCH_USER_PATHS = NO;
				CLANG_ANALYZER_NONNULL = YES;
				CLANG_ANALYZER_NUMBER_OBJECT_CONVERSION = YES_AGGRESSIVE;
				CLANG_CXX_LANGUAGE_STANDARD = "gnu++20";
				CLANG_ENABLE_MODULES = YES;
				CLANG_ENABLE_OBJC_ARC = YES;
				CLANG_ENABLE_OBJC_WEAK = YES;
				CLANG_WARN_BLOCK_CAPTURE_AUTORELEASING = YES;
				CLANG_WARN_BOOL_CONVERSION = YES;
				CLANG_WARN_COMMA = YES;
				CLANG_WARN_CONSTANT_CONVERSION = YES;
				CLANG_WARN_DEPRECATED_OBJC_IMPLEMENTATIONS = YES;
				CLANG_WARN_DIRECT_OBJC_ISA_USAGE = YES_ERROR;
				CLANG_WARN_DOCUMENTATION_COMMENTS = YES;
				CLANG_WARN_EMPTY_BODY = YES;
				CLANG_WARN_ENUM_CONVERSION = YES;
				CLANG_WARN_INFINITE_RECURSION = YES;
				CLANG_WARN_INT_CONVERSION = YES;
				CLANG_WARN_NON_LITERAL_NULL_CONVERSION = YES;
				CLANG_WARN_OBJC_IMPLICIT_RETAIN_SELF = YES;
				CLANG_WARN_OBJC_LITERAL_CONVERSION = YES;
				CLANG_WARN_OBJC_ROOT_CLASS = YES_ERROR;
				CLANG_WARN_QUOTED_INCLUDE_IN_FRAMEWORK_HEADER = YES;
				CLANG_WARN_RANGE_LOOP_ANALYSIS = YES;
				CLANG_WARN_STRICT_PROTOTYPES = YES;
				CLANG_WARN_SUSPICIOUS_MOVE = YES;
				CLANG_WARN_UNGUARDED_AVAILABILITY = YES_AGGRESSIVE;
				CLANG_WARN_UNREACHABLE_CODE = YES;
				CLANG_WARN__DUPLICATE_METHOD_MATCH = YES;
				COPY_PHASE_STRIP = NO;
				DEBUG_INFORMATION_FORMAT = dwarf;
				ENABLE_STRICT_OBJC_MSGSEND = YES;
				ENABLE_TESTABILITY = YES;
				GCC_C_LANGUAGE_STANDARD = gnu11;
				GCC_DYNAMIC_NO_PIC = NO;
				GCC_NO_COMMON_BLOCKS = YES;
				GCC_OPTIMIZATION_LEVEL = 0;
				GCC_PREPROCESSOR_DEFINITIONS = (
					"DEBUG=1",
					"$(inherited)",
				);
				GCC_WARN_64_TO_32_BIT_CONVERSION = YES;
				GCC_WARN_ABOUT_RETURN_TYPE = YES_ERROR;
				GCC_WARN_UNDECLARED_SELECTOR = YES;
				GCC_WARN_UNINITIALIZED_AUTOS = YES_AGGRESSIVE;
				GCC_WARN_UNUSED_FUNCTION = YES;
				GCC_WARN_UNUSED_VARIABLE = YES;
				MTL_ENABLE_DEBUG_INFO = INCLUDE_SOURCE;
				MTL_FAST_MATH = YES;
				ONLY_ACTIVE_ARCH = YES;
				SWIFT_ACTIVE_COMPILATION_CONDITIONS = DEBUG;
				SWIFT_OPTIMIZATION_LEVEL = "-Onone";
			};
			name = Debug;
		};
		B5578CA028D0D0F80085FC9B /* Release */ = {
			isa = XCBuildConfiguration;
			buildSettings = {
				ALWAYS_SEARCH_USER_PATHS = NO;
				CLANG_ANALYZER_NONNULL = YES;
				CLANG_ANALYZER_NUMBER_OBJECT_CONVERSION = YES_AGGRESSIVE;
				CLANG_CXX_LANGUAGE_STANDARD = "gnu++20";
				CLANG_ENABLE_MODULES = YES;
				CLANG_ENABLE_OBJC_ARC = YES;
				CLANG_ENABLE_OBJC_WEAK = YES;
				CLANG_WARN_BLOCK_CAPTURE_AUTORELEASING = YES;
				CLANG_WARN_BOOL_CONVERSION = YES;
				CLANG_WARN_COMMA = YES;
				CLANG_WARN_CONSTANT_CONVERSION = YES;
				CLANG_WARN_DEPRECATED_OBJC_IMPLEMENTATIONS = YES;
				CLANG_WARN_DIRECT_OBJC_ISA_USAGE = YES_ERROR;
				CLANG_WARN_DOCUMENTATION_COMMENTS = YES;
				CLANG_WARN_EMPTY_BODY = YES;
				CLANG_WARN_ENUM_CONVERSION = YES;
				CLANG_WARN_INFINITE_RECURSION = YES;
				CLANG_WARN_INT_CONVERSION = YES;
				CLANG_WARN_NON_LITERAL_NULL_CONVERSION = YES;
				CLANG_WARN_OBJC_IMPLICIT_RETAIN_SELF = YES;
				CLANG_WARN_OBJC_LITERAL_CONVERSION = YES;
				CLANG_WARN_OBJC_ROOT_CLASS = YES_ERROR;
				CLANG_WARN_QUOTED_INCLUDE_IN_FRAMEWORK_HEADER = YES;
				CLANG_WARN_RANGE_LOOP_ANALYSIS = YES;
				CLANG_WARN_STRICT_PROTOTYPES = YES;
				CLANG_WARN_SUSPICIOUS_MOVE = YES;
				CLANG_WARN_UNGUARDED_AVAILABILITY = YES_AGGRESSIVE;
				CLANG_WARN_UNREACHABLE_CODE = YES;
				CLANG_WARN__DUPLICATE_METHOD_MATCH = YES;
				COPY_PHASE_STRIP = NO;
				DEBUG_INFORMATION_FORMAT = "dwarf-with-dsym";
				ENABLE_NS_ASSERTIONS = NO;
				ENABLE_STRICT_OBJC_MSGSEND = YES;
				GCC_C_LANGUAGE_STANDARD = gnu11;
				GCC_NO_COMMON_BLOCKS = YES;
				GCC_WARN_64_TO_32_BIT_CONVERSION = YES;
				GCC_WARN_ABOUT_RETURN_TYPE = YES_ERROR;
				GCC_WARN_UNDECLARED_SELECTOR = YES;
				GCC_WARN_UNINITIALIZED_AUTOS = YES_AGGRESSIVE;
				GCC_WARN_UNUSED_FUNCTION = YES;
				GCC_WARN_UNUSED_VARIABLE = YES;
				MTL_ENABLE_DEBUG_INFO = NO;
				MTL_FAST_MATH = YES;
				SWIFT_COMPILATION_MODE = wholemodule;
				SWIFT_OPTIMIZATION_LEVEL = "-O";
			};
			name = Release;
		};
		B5578CA228D0D0F80085FC9B /* Debug */ = {
			isa = XCBuildConfiguration;
			buildSettings = {
				ASSETCATALOG_COMPILER_APPICON_NAME = AppIcon;
				ASSETCATALOG_COMPILER_GLOBAL_ACCENT_COLOR_NAME = AccentColor;
				CODE_SIGN_ENTITLEMENTS = AutoDB/AutoDB.entitlements;
				CODE_SIGN_STYLE = Automatic;
				CURRENT_PROJECT_VERSION = 1;
				DEVELOPMENT_ASSET_PATHS = "\"AutoDB/Preview Content\"";
				DEVELOPMENT_TEAM = 9PYZ9YNY5P;
				ENABLE_HARDENED_RUNTIME = YES;
				ENABLE_PREVIEWS = YES;
				GENERATE_INFOPLIST_FILE = YES;
				INFOPLIST_FILE = AutoDB/Info.plist;
				INFOPLIST_KEY_UIApplicationSceneManifest_Generation = YES;
				"INFOPLIST_KEY_UIApplicationSceneManifest_Generation[sdk=iphoneos*]" = YES;
				"INFOPLIST_KEY_UIApplicationSceneManifest_Generation[sdk=iphonesimulator*]" = YES;
				INFOPLIST_KEY_UIApplicationSupportsIndirectInputEvents = YES;
				"INFOPLIST_KEY_UIApplicationSupportsIndirectInputEvents[sdk=iphoneos*]" = YES;
				"INFOPLIST_KEY_UIApplicationSupportsIndirectInputEvents[sdk=iphonesimulator*]" = YES;
				INFOPLIST_KEY_UILaunchScreen_Generation = YES;
				"INFOPLIST_KEY_UILaunchScreen_Generation[sdk=iphoneos*]" = YES;
				"INFOPLIST_KEY_UILaunchScreen_Generation[sdk=iphonesimulator*]" = YES;
				INFOPLIST_KEY_UIStatusBarStyle = UIStatusBarStyleDefault;
				"INFOPLIST_KEY_UIStatusBarStyle[sdk=iphoneos*]" = UIStatusBarStyleDefault;
				"INFOPLIST_KEY_UIStatusBarStyle[sdk=iphonesimulator*]" = UIStatusBarStyleDefault;
				INFOPLIST_KEY_UISupportedInterfaceOrientations_iPad = "UIInterfaceOrientationPortrait UIInterfaceOrientationPortraitUpsideDown UIInterfaceOrientationLandscapeLeft UIInterfaceOrientationLandscapeRight";
				INFOPLIST_KEY_UISupportedInterfaceOrientations_iPhone = "UIInterfaceOrientationPortrait UIInterfaceOrientationLandscapeLeft UIInterfaceOrientationLandscapeRight";
				IPHONEOS_DEPLOYMENT_TARGET = 15.0;
				LD_RUNPATH_SEARCH_PATHS = "@executable_path/Frameworks";
				"LD_RUNPATH_SEARCH_PATHS[sdk=macosx*]" = "@executable_path/../Frameworks";
				MACOSX_DEPLOYMENT_TARGET = 12.3;
				MARKETING_VERSION = 1.0;
				PRODUCT_BUNDLE_IDENTIFIER = com.egflo.AutoDB;
				PRODUCT_NAME = "$(TARGET_NAME)";
				SDKROOT = iphoneos;
				SUPPORTED_PLATFORMS = "iphonesimulator iphoneos";
				SWIFT_EMIT_LOC_STRINGS = YES;
				SWIFT_VERSION = 5.0;
				TARGETED_DEVICE_FAMILY = "1,2";
			};
			name = Debug;
		};
		B5578CA328D0D0F80085FC9B /* Release */ = {
			isa = XCBuildConfiguration;
			buildSettings = {
				ASSETCATALOG_COMPILER_APPICON_NAME = AppIcon;
				ASSETCATALOG_COMPILER_GLOBAL_ACCENT_COLOR_NAME = AccentColor;
				CODE_SIGN_ENTITLEMENTS = AutoDB/AutoDBRelease.entitlements;
				CODE_SIGN_STYLE = Automatic;
				CURRENT_PROJECT_VERSION = 1;
				DEVELOPMENT_ASSET_PATHS = "\"AutoDB/Preview Content\"";
				DEVELOPMENT_TEAM = 9PYZ9YNY5P;
				ENABLE_HARDENED_RUNTIME = YES;
				ENABLE_PREVIEWS = YES;
				GENERATE_INFOPLIST_FILE = YES;
				INFOPLIST_FILE = AutoDB/Info.plist;
				INFOPLIST_KEY_UIApplicationSceneManifest_Generation = YES;
				"INFOPLIST_KEY_UIApplicationSceneManifest_Generation[sdk=iphoneos*]" = YES;
				"INFOPLIST_KEY_UIApplicationSceneManifest_Generation[sdk=iphonesimulator*]" = YES;
				INFOPLIST_KEY_UIApplicationSupportsIndirectInputEvents = YES;
				"INFOPLIST_KEY_UIApplicationSupportsIndirectInputEvents[sdk=iphoneos*]" = YES;
				"INFOPLIST_KEY_UIApplicationSupportsIndirectInputEvents[sdk=iphonesimulator*]" = YES;
				INFOPLIST_KEY_UILaunchScreen_Generation = YES;
				"INFOPLIST_KEY_UILaunchScreen_Generation[sdk=iphoneos*]" = YES;
				"INFOPLIST_KEY_UILaunchScreen_Generation[sdk=iphonesimulator*]" = YES;
				INFOPLIST_KEY_UIStatusBarStyle = UIStatusBarStyleDefault;
				"INFOPLIST_KEY_UIStatusBarStyle[sdk=iphoneos*]" = UIStatusBarStyleDefault;
				"INFOPLIST_KEY_UIStatusBarStyle[sdk=iphonesimulator*]" = UIStatusBarStyleDefault;
				INFOPLIST_KEY_UISupportedInterfaceOrientations_iPad = "UIInterfaceOrientationPortrait UIInterfaceOrientationPortraitUpsideDown UIInterfaceOrientationLandscapeLeft UIInterfaceOrientationLandscapeRight";
				INFOPLIST_KEY_UISupportedInterfaceOrientations_iPhone = "UIInterfaceOrientationPortrait UIInterfaceOrientationLandscapeLeft UIInterfaceOrientationLandscapeRight";
				IPHONEOS_DEPLOYMENT_TARGET = 15.0;
				LD_RUNPATH_SEARCH_PATHS = "@executable_path/Frameworks";
				"LD_RUNPATH_SEARCH_PATHS[sdk=macosx*]" = "@executable_path/../Frameworks";
				MACOSX_DEPLOYMENT_TARGET = 12.3;
				MARKETING_VERSION = 1.0;
				PRODUCT_BUNDLE_IDENTIFIER = com.egflo.AutoDB;
				PRODUCT_NAME = "$(TARGET_NAME)";
				SDKROOT = iphoneos;
				SUPPORTED_PLATFORMS = "iphonesimulator iphoneos";
				SWIFT_EMIT_LOC_STRINGS = YES;
				SWIFT_VERSION = 5.0;
				TARGETED_DEVICE_FAMILY = "1,2";
			};
			name = Release;
		};
		B5578CA528D0D0F80085FC9B /* Debug */ = {
			isa = XCBuildConfiguration;
			buildSettings = {
				ALWAYS_EMBED_SWIFT_STANDARD_LIBRARIES = YES;
				BUNDLE_LOADER = "$(TEST_HOST)";
				CODE_SIGN_STYLE = Automatic;
				CURRENT_PROJECT_VERSION = 1;
				DEVELOPMENT_TEAM = 9PYZ9YNY5P;
				GENERATE_INFOPLIST_FILE = YES;
				IPHONEOS_DEPLOYMENT_TARGET = 16.0;
				MACOSX_DEPLOYMENT_TARGET = 12.3;
				MARKETING_VERSION = 1.0;
				PRODUCT_BUNDLE_IDENTIFIER = com.egflo.AutoDBTests;
				PRODUCT_NAME = "$(TARGET_NAME)";
				SDKROOT = auto;
				SUPPORTED_PLATFORMS = "iphoneos iphonesimulator macosx";
				SWIFT_EMIT_LOC_STRINGS = NO;
				SWIFT_VERSION = 5.0;
				TARGETED_DEVICE_FAMILY = "1,2";
				TEST_HOST = "$(BUILT_PRODUCTS_DIR)/AutoDB.app/$(BUNDLE_EXECUTABLE_FOLDER_PATH)/AutoDB";
			};
			name = Debug;
		};
		B5578CA628D0D0F80085FC9B /* Release */ = {
			isa = XCBuildConfiguration;
			buildSettings = {
				ALWAYS_EMBED_SWIFT_STANDARD_LIBRARIES = YES;
				BUNDLE_LOADER = "$(TEST_HOST)";
				CODE_SIGN_STYLE = Automatic;
				CURRENT_PROJECT_VERSION = 1;
				DEVELOPMENT_TEAM = 9PYZ9YNY5P;
				GENERATE_INFOPLIST_FILE = YES;
				IPHONEOS_DEPLOYMENT_TARGET = 16.0;
				MACOSX_DEPLOYMENT_TARGET = 12.3;
				MARKETING_VERSION = 1.0;
				PRODUCT_BUNDLE_IDENTIFIER = com.egflo.AutoDBTests;
				PRODUCT_NAME = "$(TARGET_NAME)";
				SDKROOT = auto;
				SUPPORTED_PLATFORMS = "iphoneos iphonesimulator macosx";
				SWIFT_EMIT_LOC_STRINGS = NO;
				SWIFT_VERSION = 5.0;
				TARGETED_DEVICE_FAMILY = "1,2";
				TEST_HOST = "$(BUILT_PRODUCTS_DIR)/AutoDB.app/$(BUNDLE_EXECUTABLE_FOLDER_PATH)/AutoDB";
			};
			name = Release;
		};
		B5578CA828D0D0F80085FC9B /* Debug */ = {
			isa = XCBuildConfiguration;
			buildSettings = {
				ALWAYS_EMBED_SWIFT_STANDARD_LIBRARIES = YES;
				CODE_SIGN_STYLE = Automatic;
				CURRENT_PROJECT_VERSION = 1;
				DEVELOPMENT_TEAM = 9PYZ9YNY5P;
				GENERATE_INFOPLIST_FILE = YES;
				IPHONEOS_DEPLOYMENT_TARGET = 16.0;
				MACOSX_DEPLOYMENT_TARGET = 12.3;
				MARKETING_VERSION = 1.0;
				PRODUCT_BUNDLE_IDENTIFIER = com.egflo.AutoDBUITests;
				PRODUCT_NAME = "$(TARGET_NAME)";
				SDKROOT = auto;
				SUPPORTED_PLATFORMS = "iphoneos iphonesimulator macosx";
				SWIFT_EMIT_LOC_STRINGS = NO;
				SWIFT_VERSION = 5.0;
				TARGETED_DEVICE_FAMILY = "1,2";
				TEST_TARGET_NAME = AutoDB;
			};
			name = Debug;
		};
		B5578CA928D0D0F80085FC9B /* Release */ = {
			isa = XCBuildConfiguration;
			buildSettings = {
				ALWAYS_EMBED_SWIFT_STANDARD_LIBRARIES = YES;
				CODE_SIGN_STYLE = Automatic;
				CURRENT_PROJECT_VERSION = 1;
				DEVELOPMENT_TEAM = 9PYZ9YNY5P;
				GENERATE_INFOPLIST_FILE = YES;
				IPHONEOS_DEPLOYMENT_TARGET = 16.0;
				MACOSX_DEPLOYMENT_TARGET = 12.3;
				MARKETING_VERSION = 1.0;
				PRODUCT_BUNDLE_IDENTIFIER = com.egflo.AutoDBUITests;
				PRODUCT_NAME = "$(TARGET_NAME)";
				SDKROOT = auto;
				SUPPORTED_PLATFORMS = "iphoneos iphonesimulator macosx";
				SWIFT_EMIT_LOC_STRINGS = NO;
				SWIFT_VERSION = 5.0;
				TARGETED_DEVICE_FAMILY = "1,2";
				TEST_TARGET_NAME = AutoDB;
			};
			name = Release;
		};
/* End XCBuildConfiguration section */

/* Begin XCConfigurationList section */
		B5578C7228D0D0F70085FC9B /* Build configuration list for PBXProject "AutoDB" */ = {
			isa = XCConfigurationList;
			buildConfigurations = (
				B5578C9F28D0D0F80085FC9B /* Debug */,
				B5578CA028D0D0F80085FC9B /* Release */,
			);
			defaultConfigurationIsVisible = 0;
			defaultConfigurationName = Release;
		};
		B5578CA128D0D0F80085FC9B /* Build configuration list for PBXNativeTarget "AutoDB" */ = {
			isa = XCConfigurationList;
			buildConfigurations = (
				B5578CA228D0D0F80085FC9B /* Debug */,
				B5578CA328D0D0F80085FC9B /* Release */,
			);
			defaultConfigurationIsVisible = 0;
			defaultConfigurationName = Release;
		};
		B5578CA428D0D0F80085FC9B /* Build configuration list for PBXNativeTarget "AutoDBTests" */ = {
			isa = XCConfigurationList;
			buildConfigurations = (
				B5578CA528D0D0F80085FC9B /* Debug */,
				B5578CA628D0D0F80085FC9B /* Release */,
			);
			defaultConfigurationIsVisible = 0;
			defaultConfigurationName = Release;
		};
		B5578CA728D0D0F80085FC9B /* Build configuration list for PBXNativeTarget "AutoDBUITests" */ = {
			isa = XCConfigurationList;
			buildConfigurations = (
				B5578CA828D0D0F80085FC9B /* Debug */,
				B5578CA928D0D0F80085FC9B /* Release */,
			);
			defaultConfigurationIsVisible = 0;
			defaultConfigurationName = Release;
		};
/* End XCConfigurationList section */

/* Begin XCRemoteSwiftPackageReference section */
		B5438536292B2BC700184721 /* XCRemoteSwiftPackageReference "ScalingHeaderScrollView" */ = {
			isa = XCRemoteSwiftPackageReference;
			repositoryURL = "https://github.com/exyte/ScalingHeaderScrollView";
			requirement = {
				kind = upToNextMajorVersion;
				minimumVersion = 0.0.6;
			};
		};
		B5578CAC28D0D1970085FC9B /* XCRemoteSwiftPackageReference "Alamofire" */ = {
			isa = XCRemoteSwiftPackageReference;
			repositoryURL = "https://github.com/Alamofire/Alamofire.git";
			requirement = {
				kind = upToNextMajorVersion;
				minimumVersion = 5.0.0;
			};
		};
		B5578CAF28D0D1C00085FC9B /* XCRemoteSwiftPackageReference "Auth0" */ = {
			isa = XCRemoteSwiftPackageReference;
			repositoryURL = "https://github.com/auth0/Auth0.swift/";
			requirement = {
				kind = upToNextMajorVersion;
				minimumVersion = 2.0.0;
			};
		};
		B5578CC728D144F00085FC9B /* XCRemoteSwiftPackageReference "SDWebImageSwiftUI" */ = {
			isa = XCRemoteSwiftPackageReference;
			repositoryURL = "https://github.com/SDWebImage/SDWebImageSwiftUI";
			requirement = {
				kind = upToNextMajorVersion;
				minimumVersion = 2.0.0;
			};
		};
		B55BC2012924AE0B0012A6C6 /* XCRemoteSwiftPackageReference "swift-collections" */ = {
			isa = XCRemoteSwiftPackageReference;
			repositoryURL = "https://github.com/apple/swift-collections.git";
			requirement = {
				kind = upToNextMajorVersion;
				minimumVersion = 1.0.0;
			};
		};
		B5E8EE362928671100B13841 /* XCRemoteSwiftPackageReference "AlertToast" */ = {
			isa = XCRemoteSwiftPackageReference;
			repositoryURL = "https://github.com/elai950/AlertToast";
			requirement = {
				kind = upToNextMajorVersion;
				minimumVersion = 1.0.0;
			};
		};
/* End XCRemoteSwiftPackageReference section */

/* Begin XCSwiftPackageProductDependency section */
		B5438537292B2BC700184721 /* ScalingHeaderScrollView */ = {
			isa = XCSwiftPackageProductDependency;
			package = B5438536292B2BC700184721 /* XCRemoteSwiftPackageReference "ScalingHeaderScrollView" */;
			productName = ScalingHeaderScrollView;
		};
		B5578CAD28D0D1970085FC9B /* Alamofire */ = {
			isa = XCSwiftPackageProductDependency;
			package = B5578CAC28D0D1970085FC9B /* XCRemoteSwiftPackageReference "Alamofire" */;
			productName = Alamofire;
		};
		B5578CB028D0D1C00085FC9B /* Auth0 */ = {
			isa = XCSwiftPackageProductDependency;
			package = B5578CAF28D0D1C00085FC9B /* XCRemoteSwiftPackageReference "Auth0" */;
			productName = Auth0;
		};
		B5578CC828D144F00085FC9B /* SDWebImageSwiftUI */ = {
			isa = XCSwiftPackageProductDependency;
			package = B5578CC728D144F00085FC9B /* XCRemoteSwiftPackageReference "SDWebImageSwiftUI" */;
			productName = SDWebImageSwiftUI;
		};
		B55BC2022924AE0B0012A6C6 /* Collections */ = {
			isa = XCSwiftPackageProductDependency;
			package = B55BC2012924AE0B0012A6C6 /* XCRemoteSwiftPackageReference "swift-collections" */;
			productName = Collections;
		};
		B55BC2042924AE0B0012A6C6 /* DequeModule */ = {
			isa = XCSwiftPackageProductDependency;
			package = B55BC2012924AE0B0012A6C6 /* XCRemoteSwiftPackageReference "swift-collections" */;
			productName = DequeModule;
		};
		B55BC2062924AE0B0012A6C6 /* OrderedCollections */ = {
			isa = XCSwiftPackageProductDependency;
			package = B55BC2012924AE0B0012A6C6 /* XCRemoteSwiftPackageReference "swift-collections" */;
			productName = OrderedCollections;
		};
		B5E8EE372928671100B13841 /* AlertToast */ = {
			isa = XCSwiftPackageProductDependency;
			package = B5E8EE362928671100B13841 /* XCRemoteSwiftPackageReference "AlertToast" */;
			productName = AlertToast;
		};
/* End XCSwiftPackageProductDependency section */

/* Begin XCVersionGroup section */
		B5578C7E28D0D0F70085FC9B /* AutoDB.xcdatamodeld */ = {
			isa = XCVersionGroup;
			children = (
				B5578C7F28D0D0F70085FC9B /* AutoDB.xcdatamodel */,
			);
			currentVersion = B5578C7F28D0D0F70085FC9B /* AutoDB.xcdatamodel */;
			path = AutoDB.xcdatamodeld;
			sourceTree = "<group>";
			versionGroupType = wrapper.xcdatamodel;
		};
/* End XCVersionGroup section */
	};
	rootObject = B5578C6F28D0D0F70085FC9B /* Project object */;
}
